// !$*UTF8*$!
{
	archiveVersion = 1;
	classes = {
	};
	objectVersion = 56;
	objects = {

/* Begin PBXBuildFile section */
		897221972B56A80600079531 /* TestProjectApp.swift in Sources */ = {isa = PBXBuildFile; fileRef = 897221962B56A80600079531 /* TestProjectApp.swift */; };
		897221992B56A80600079531 /* HomeCategoryView.swift in Sources */ = {isa = PBXBuildFile; fileRef = 897221982B56A80600079531 /* HomeCategoryView.swift */; };
		8972219B2B56A80700079531 /* Assets.xcassets in Resources */ = {isa = PBXBuildFile; fileRef = 8972219A2B56A80700079531 /* Assets.xcassets */; };
		8972219E2B56A80700079531 /* Preview Assets.xcassets in Resources */ = {isa = PBXBuildFile; fileRef = 8972219D2B56A80700079531 /* Preview Assets.xcassets */; };
		897221A62B56AA1500079531 /* Kingfisher in Frameworks */ = {isa = PBXBuildFile; productRef = 897221A52B56AA1500079531 /* Kingfisher */; };
		897221AC2B56B04A00079531 /* MovieCategoriesService.swift in Sources */ = {isa = PBXBuildFile; fileRef = 897221AB2B56B04A00079531 /* MovieCategoriesService.swift */; };
		897221AF2B56B07600079531 /* Alamofire in Frameworks */ = {isa = PBXBuildFile; productRef = 897221AE2B56B07600079531 /* Alamofire */; };
		897221B12B56B29A00079531 /* AllCategoriesModel.swift in Sources */ = {isa = PBXBuildFile; fileRef = 897221B02B56B29A00079531 /* AllCategoriesModel.swift */; };
		897221B32B56B4BE00079531 /* CategoryMoviesViewModel.swift in Sources */ = {isa = PBXBuildFile; fileRef = 897221B22B56B4BE00079531 /* CategoryMoviesViewModel.swift */; };
		897221B52B56CD3200079531 /* CategoryItemView.swift in Sources */ = {isa = PBXBuildFile; fileRef = 897221B42B56CD3200079531 /* CategoryItemView.swift */; };
		897221B72B56D69900079531 /* MovieListView.swift in Sources */ = {isa = PBXBuildFile; fileRef = 897221B62B56D69900079531 /* MovieListView.swift */; };
		897221B92B56D74700079531 /* MovieListItemView.swift in Sources */ = {isa = PBXBuildFile; fileRef = 897221B82B56D74700079531 /* MovieListItemView.swift */; };
		897221BB2B56DCFE00079531 /* specificCategoryModel.swift in Sources */ = {isa = PBXBuildFile; fileRef = 897221BA2B56DCFE00079531 /* specificCategoryModel.swift */; };
		897221BD2B56F21500079531 /* StarRating.swift in Sources */ = {isa = PBXBuildFile; fileRef = 897221BC2B56F21500079531 /* StarRating.swift */; };
		897221BF2B56F75000079531 /* AddMovieView.swift in Sources */ = {isa = PBXBuildFile; fileRef = 897221BE2B56F75000079531 /* AddMovieView.swift */; };
		89CA7E1D2B57B73D00A7BC07 /* TabBarButton.swift in Sources */ = {isa = PBXBuildFile; fileRef = 89CA7E1C2B57B73D00A7BC07 /* TabBarButton.swift */; };
		89CA7E212B57D81600A7BC07 /* ImagePicker.swift in Sources */ = {isa = PBXBuildFile; fileRef = 89CA7E202B57D81600A7BC07 /* ImagePicker.swift */; };
/* End PBXBuildFile section */

/* Begin PBXFileReference section */
		897221932B56A80600079531 /* TestProject.app */ = {isa = PBXFileReference; explicitFileType = wrapper.application; includeInIndex = 0; path = TestProject.app; sourceTree = BUILT_PRODUCTS_DIR; };
		897221962B56A80600079531 /* TestProjectApp.swift */ = {isa = PBXFileReference; lastKnownFileType = sourcecode.swift; path = TestProjectApp.swift; sourceTree = "<group>"; };
		897221982B56A80600079531 /* HomeCategoryView.swift */ = {isa = PBXFileReference; lastKnownFileType = sourcecode.swift; path = HomeCategoryView.swift; sourceTree = "<group>"; };
		8972219A2B56A80700079531 /* Assets.xcassets */ = {isa = PBXFileReference; lastKnownFileType = folder.assetcatalog; path = Assets.xcassets; sourceTree = "<group>"; };
		8972219D2B56A80700079531 /* Preview Assets.xcassets */ = {isa = PBXFileReference; lastKnownFileType = folder.assetcatalog; path = "Preview Assets.xcassets"; sourceTree = "<group>"; };
		897221AB2B56B04A00079531 /* MovieCategoriesService.swift */ = {isa = PBXFileReference; lastKnownFileType = sourcecode.swift; path = MovieCategoriesService.swift; sourceTree = "<group>"; };
		897221B02B56B29A00079531 /* AllCategoriesModel.swift */ = {isa = PBXFileReference; lastKnownFileType = sourcecode.swift; path = AllCategoriesModel.swift; sourceTree = "<group>"; };
		897221B22B56B4BE00079531 /* CategoryMoviesViewModel.swift */ = {isa = PBXFileReference; lastKnownFileType = sourcecode.swift; path = CategoryMoviesViewModel.swift; sourceTree = "<group>"; };
		897221B42B56CD3200079531 /* CategoryItemView.swift */ = {isa = PBXFileReference; lastKnownFileType = sourcecode.swift; path = CategoryItemView.swift; sourceTree = "<group>"; };
		897221B62B56D69900079531 /* MovieListView.swift */ = {isa = PBXFileReference; lastKnownFileType = sourcecode.swift; path = MovieListView.swift; sourceTree = "<group>"; };
		897221B82B56D74700079531 /* MovieListItemView.swift */ = {isa = PBXFileReference; lastKnownFileType = sourcecode.swift; path = MovieListItemView.swift; sourceTree = "<group>"; };
		897221BA2B56DCFE00079531 /* specificCategoryModel.swift */ = {isa = PBXFileReference; lastKnownFileType = sourcecode.swift; path = specificCategoryModel.swift; sourceTree = "<group>"; };
		897221BC2B56F21500079531 /* StarRating.swift */ = {isa = PBXFileReference; lastKnownFileType = sourcecode.swift; path = StarRating.swift; sourceTree = "<group>"; };
		897221BE2B56F75000079531 /* AddMovieView.swift */ = {isa = PBXFileReference; lastKnownFileType = sourcecode.swift; path = AddMovieView.swift; sourceTree = "<group>"; };
		89CA7E1C2B57B73D00A7BC07 /* TabBarButton.swift */ = {isa = PBXFileReference; lastKnownFileType = sourcecode.swift; path = TabBarButton.swift; sourceTree = "<group>"; };
		89CA7E202B57D81600A7BC07 /* ImagePicker.swift */ = {isa = PBXFileReference; lastKnownFileType = sourcecode.swift; path = ImagePicker.swift; sourceTree = "<group>"; };
/* End PBXFileReference section */

/* Begin PBXFrameworksBuildPhase section */
		897221902B56A80600079531 /* Frameworks */ = {
			isa = PBXFrameworksBuildPhase;
			buildActionMask = 2147483647;
			files = (
				897221A62B56AA1500079531 /* Kingfisher in Frameworks */,
				897221AF2B56B07600079531 /* Alamofire in Frameworks */,
			);
			runOnlyForDeploymentPostprocessing = 0;
		};
/* End PBXFrameworksBuildPhase section */

/* Begin PBXGroup section */
		8972218A2B56A80600079531 = {
			isa = PBXGroup;
			children = (
				897221952B56A80600079531 /* TestProject */,
				897221942B56A80600079531 /* Products */,
			);
			sourceTree = "<group>";
		};
		897221942B56A80600079531 /* Products */ = {
			isa = PBXGroup;
			children = (
				897221932B56A80600079531 /* TestProject.app */,
			);
			name = Products;
			sourceTree = "<group>";
		};
		897221952B56A80600079531 /* TestProject */ = {
			isa = PBXGroup;
			children = (
				89CA7E1E2B57B78200A7BC07 /* Utilities */,
				897221AA2B56AC8400079531 /* Service */,
				897221A92B56AC6E00079531 /* Model */,
				897221A82B56AC6200079531 /* ViewModel */,
				897221A72B56AC5300079531 /* Views */,
				897221962B56A80600079531 /* TestProjectApp.swift */,
				8972219A2B56A80700079531 /* Assets.xcassets */,
				8972219C2B56A80700079531 /* Preview Content */,
			);
			path = TestProject;
			sourceTree = "<group>";
		};
		8972219C2B56A80700079531 /* Preview Content */ = {
			isa = PBXGroup;
			children = (
				8972219D2B56A80700079531 /* Preview Assets.xcassets */,
			);
			path = "Preview Content";
			sourceTree = "<group>";
		};
		897221A72B56AC5300079531 /* Views */ = {
			isa = PBXGroup;
			children = (
				897221982B56A80600079531 /* HomeCategoryView.swift */,
				897221B42B56CD3200079531 /* CategoryItemView.swift */,
				897221B62B56D69900079531 /* MovieListView.swift */,
				897221B82B56D74700079531 /* MovieListItemView.swift */,
				897221BE2B56F75000079531 /* AddMovieView.swift */,
			);
			path = Views;
			sourceTree = "<group>";
		};
		897221A82B56AC6200079531 /* ViewModel */ = {
			isa = PBXGroup;
			children = (
				897221B22B56B4BE00079531 /* CategoryMoviesViewModel.swift */,
			);
			path = ViewModel;
			sourceTree = "<group>";
		};
		897221A92B56AC6E00079531 /* Model */ = {
			isa = PBXGroup;
			children = (
				897221B02B56B29A00079531 /* AllCategoriesModel.swift */,
				897221BA2B56DCFE00079531 /* specificCategoryModel.swift */,
			);
			path = Model;
			sourceTree = "<group>";
		};
		897221AA2B56AC8400079531 /* Service */ = {
			isa = PBXGroup;
			children = (
				897221AB2B56B04A00079531 /* MovieCategoriesService.swift */,
			);
			path = Service;
			sourceTree = "<group>";
		};
		89CA7E1E2B57B78200A7BC07 /* Utilities */ = {
			isa = PBXGroup;
			children = (
				89CA7E1F2B57B79D00A7BC07 /* ReusableComponents */,
			);
			path = Utilities;
			sourceTree = "<group>";
		};
		89CA7E1F2B57B79D00A7BC07 /* ReusableComponents */ = {
			isa = PBXGroup;
			children = (
				897221BC2B56F21500079531 /* StarRating.swift */,
				89CA7E1C2B57B73D00A7BC07 /* TabBarButton.swift */,
				89CA7E202B57D81600A7BC07 /* ImagePicker.swift */,
			);
			path = ReusableComponents;
			sourceTree = "<group>";
		};
/* End PBXGroup section */

/* Begin PBXNativeTarget section */
		897221922B56A80600079531 /* TestProject */ = {
			isa = PBXNativeTarget;
			buildConfigurationList = 897221A12B56A80700079531 /* Build configuration list for PBXNativeTarget "TestProject" */;
			buildPhases = (
				8972218F2B56A80600079531 /* Sources */,
				897221902B56A80600079531 /* Frameworks */,
				897221912B56A80600079531 /* Resources */,
			);
			buildRules = (
			);
			dependencies = (
			);
			name = TestProject;
			packageProductDependencies = (
				897221A52B56AA1500079531 /* Kingfisher */,
				897221AE2B56B07600079531 /* Alamofire */,
			);
			productName = TestProject;
			productReference = 897221932B56A80600079531 /* TestProject.app */;
			productType = "com.apple.product-type.application";
		};
/* End PBXNativeTarget section */

/* Begin PBXProject section */
		8972218B2B56A80600079531 /* Project object */ = {
			isa = PBXProject;
			attributes = {
				BuildIndependentTargetsInParallel = 1;
				LastSwiftUpdateCheck = 1520;
				LastUpgradeCheck = 1520;
				TargetAttributes = {
					897221922B56A80600079531 = {
						CreatedOnToolsVersion = 15.2;
					};
				};
			};
			buildConfigurationList = 8972218E2B56A80600079531 /* Build configuration list for PBXProject "TestProject" */;
			compatibilityVersion = "Xcode 14.0";
			developmentRegion = en;
			hasScannedForEncodings = 0;
			knownRegions = (
				en,
				Base,
			);
			mainGroup = 8972218A2B56A80600079531;
			packageReferences = (
				897221A42B56AA1500079531 /* XCRemoteSwiftPackageReference "Kingfisher" */,
				897221AD2B56B07600079531 /* XCRemoteSwiftPackageReference "Alamofire" */,
			);
			productRefGroup = 897221942B56A80600079531 /* Products */;
			projectDirPath = "";
			projectRoot = "";
			targets = (
				897221922B56A80600079531 /* TestProject */,
			);
		};
/* End PBXProject section */

/* Begin PBXResourcesBuildPhase section */
		897221912B56A80600079531 /* Resources */ = {
			isa = PBXResourcesBuildPhase;
			buildActionMask = 2147483647;
			files = (
				8972219E2B56A80700079531 /* Preview Assets.xcassets in Resources */,
				8972219B2B56A80700079531 /* Assets.xcassets in Resources */,
			);
			runOnlyForDeploymentPostprocessing = 0;
		};
/* End PBXResourcesBuildPhase section */

/* Begin PBXSourcesBuildPhase section */
		8972218F2B56A80600079531 /* Sources */ = {
			isa = PBXSourcesBuildPhase;
			buildActionMask = 2147483647;
			files = (
				89CA7E212B57D81600A7BC07 /* ImagePicker.swift in Sources */,
				897221B92B56D74700079531 /* MovieListItemView.swift in Sources */,
				897221B12B56B29A00079531 /* AllCategoriesModel.swift in Sources */,
				897221B72B56D69900079531 /* MovieListView.swift in Sources */,
				897221BD2B56F21500079531 /* StarRating.swift in Sources */,
				897221AC2B56B04A00079531 /* MovieCategoriesService.swift in Sources */,
				89CA7E1D2B57B73D00A7BC07 /* TabBarButton.swift in Sources */,
				897221992B56A80600079531 /* HomeCategoryView.swift in Sources */,
				897221B52B56CD3200079531 /* CategoryItemView.swift in Sources */,
				897221972B56A80600079531 /* TestProjectApp.swift in Sources */,
				897221BB2B56DCFE00079531 /* specificCategoryModel.swift in Sources */,
				897221BF2B56F75000079531 /* AddMovieView.swift in Sources */,
				897221B32B56B4BE00079531 /* CategoryMoviesViewModel.swift in Sources */,
			);
			runOnlyForDeploymentPostprocessing = 0;
		};
/* End PBXSourcesBuildPhase section */

/* Begin XCBuildConfiguration section */
		8972219F2B56A80700079531 /* Debug */ = {
			isa = XCBuildConfiguration;
			buildSettings = {
				ALWAYS_SEARCH_USER_PATHS = NO;
				ASSETCATALOG_COMPILER_GENERATE_SWIFT_ASSET_SYMBOL_EXTENSIONS = YES;
				CLANG_ANALYZER_NONNULL = YES;
				CLANG_ANALYZER_NUMBER_OBJECT_CONVERSION = YES_AGGRESSIVE;
				CLANG_CXX_LANGUAGE_STANDARD = "gnu++20";
				CLANG_ENABLE_MODULES = YES;
				CLANG_ENABLE_OBJC_ARC = YES;
				CLANG_ENABLE_OBJC_WEAK = YES;
				CLANG_WARN_BLOCK_CAPTURE_AUTORELEASING = YES;
				CLANG_WARN_BOOL_CONVERSION = YES;
				CLANG_WARN_COMMA = YES;
				CLANG_WARN_CONSTANT_CONVERSION = YES;
				CLANG_WARN_DEPRECATED_OBJC_IMPLEMENTATIONS = YES;
				CLANG_WARN_DIRECT_OBJC_ISA_USAGE = YES_ERROR;
				CLANG_WARN_DOCUMENTATION_COMMENTS = YES;
				CLANG_WARN_EMPTY_BODY = YES;
				CLANG_WARN_ENUM_CONVERSION = YES;
				CLANG_WARN_INFINITE_RECURSION = YES;
				CLANG_WARN_INT_CONVERSION = YES;
				CLANG_WARN_NON_LITERAL_NULL_CONVERSION = YES;
				CLANG_WARN_OBJC_IMPLICIT_RETAIN_SELF = YES;
				CLANG_WARN_OBJC_LITERAL_CONVERSION = YES;
				CLANG_WARN_OBJC_ROOT_CLASS = YES_ERROR;
				CLANG_WARN_QUOTED_INCLUDE_IN_FRAMEWORK_HEADER = YES;
				CLANG_WARN_RANGE_LOOP_ANALYSIS = YES;
				CLANG_WARN_STRICT_PROTOTYPES = YES;
				CLANG_WARN_SUSPICIOUS_MOVE = YES;
				CLANG_WARN_UNGUARDED_AVAILABILITY = YES_AGGRESSIVE;
				CLANG_WARN_UNREACHABLE_CODE = YES;
				CLANG_WARN__DUPLICATE_METHOD_MATCH = YES;
				COPY_PHASE_STRIP = NO;
				DEBUG_INFORMATION_FORMAT = dwarf;
				ENABLE_STRICT_OBJC_MSGSEND = YES;
				ENABLE_TESTABILITY = YES;
				ENABLE_USER_SCRIPT_SANDBOXING = YES;
				GCC_C_LANGUAGE_STANDARD = gnu17;
				GCC_DYNAMIC_NO_PIC = NO;
				GCC_NO_COMMON_BLOCKS = YES;
				GCC_OPTIMIZATION_LEVEL = 0;
				GCC_PREPROCESSOR_DEFINITIONS = (
					"DEBUG=1",
					"$(inherited)",
				);
				GCC_WARN_64_TO_32_BIT_CONVERSION = YES;
				GCC_WARN_ABOUT_RETURN_TYPE = YES_ERROR;
				GCC_WARN_UNDECLARED_SELECTOR = YES;
				GCC_WARN_UNINITIALIZED_AUTOS = YES_AGGRESSIVE;
				GCC_WARN_UNUSED_FUNCTION = YES;
				GCC_WARN_UNUSED_VARIABLE = YES;
				IPHONEOS_DEPLOYMENT_TARGET = 17.2;
				LOCALIZATION_PREFERS_STRING_CATALOGS = YES;
				MTL_ENABLE_DEBUG_INFO = INCLUDE_SOURCE;
				MTL_FAST_MATH = YES;
				ONLY_ACTIVE_ARCH = YES;
				SDKROOT = iphoneos;
				SWIFT_ACTIVE_COMPILATION_CONDITIONS = "DEBUG $(inherited)";
				SWIFT_OPTIMIZATION_LEVEL = "-Onone";
			};
			name = Debug;
		};
		897221A02B56A80700079531 /* Release */ = {
			isa = XCBuildConfiguration;
			buildSettings = {
				ALWAYS_SEARCH_USER_PATHS = NO;
				ASSETCATALOG_COMPILER_GENERATE_SWIFT_ASSET_SYMBOL_EXTENSIONS = YES;
				CLANG_ANALYZER_NONNULL = YES;
				CLANG_ANALYZER_NUMBER_OBJECT_CONVERSION = YES_AGGRESSIVE;
				CLANG_CXX_LANGUAGE_STANDARD = "gnu++20";
				CLANG_ENABLE_MODULES = YES;
				CLANG_ENABLE_OBJC_ARC = YES;
				CLANG_ENABLE_OBJC_WEAK = YES;
				CLANG_WARN_BLOCK_CAPTURE_AUTORELEASING = YES;
				CLANG_WARN_BOOL_CONVERSION = YES;
				CLANG_WARN_COMMA = YES;
				CLANG_WARN_CONSTANT_CONVERSION = YES;
				CLANG_WARN_DEPRECATED_OBJC_IMPLEMENTATIONS = YES;
				CLANG_WARN_DIRECT_OBJC_ISA_USAGE = YES_ERROR;
				CLANG_WARN_DOCUMENTATION_COMMENTS = YES;
				CLANG_WARN_EMPTY_BODY = YES;
				CLANG_WARN_ENUM_CONVERSION = YES;
				CLANG_WARN_INFINITE_RECURSION = YES;
				CLANG_WARN_INT_CONVERSION = YES;
				CLANG_WARN_NON_LITERAL_NULL_CONVERSION = YES;
				CLANG_WARN_OBJC_IMPLICIT_RETAIN_SELF = YES;
				CLANG_WARN_OBJC_LITERAL_CONVERSION = YES;
				CLANG_WARN_OBJC_ROOT_CLASS = YES_ERROR;
				CLANG_WARN_QUOTED_INCLUDE_IN_FRAMEWORK_HEADER = YES;
				CLANG_WARN_RANGE_LOOP_ANALYSIS = YES;
				CLANG_WARN_STRICT_PROTOTYPES = YES;
				CLANG_WARN_SUSPICIOUS_MOVE = YES;
				CLANG_WARN_UNGUARDED_AVAILABILITY = YES_AGGRESSIVE;
				CLANG_WARN_UNREACHABLE_CODE = YES;
				CLANG_WARN__DUPLICATE_METHOD_MATCH = YES;
				COPY_PHASE_STRIP = NO;
				DEBUG_INFORMATION_FORMAT = "dwarf-with-dsym";
				ENABLE_NS_ASSERTIONS = NO;
				ENABLE_STRICT_OBJC_MSGSEND = YES;
				ENABLE_USER_SCRIPT_SANDBOXING = YES;
				GCC_C_LANGUAGE_STANDARD = gnu17;
				GCC_NO_COMMON_BLOCKS = YES;
				GCC_WARN_64_TO_32_BIT_CONVERSION = YES;
				GCC_WARN_ABOUT_RETURN_TYPE = YES_ERROR;
				GCC_WARN_UNDECLARED_SELECTOR = YES;
				GCC_WARN_UNINITIALIZED_AUTOS = YES_AGGRESSIVE;
				GCC_WARN_UNUSED_FUNCTION = YES;
				GCC_WARN_UNUSED_VARIABLE = YES;
				IPHONEOS_DEPLOYMENT_TARGET = 17.2;
				LOCALIZATION_PREFERS_STRING_CATALOGS = YES;
				MTL_ENABLE_DEBUG_INFO = NO;
				MTL_FAST_MATH = YES;
				SDKROOT = iphoneos;
				SWIFT_COMPILATION_MODE = wholemodule;
				VALIDATE_PRODUCT = YES;
			};
			name = Release;
		};
		897221A22B56A80700079531 /* Debug */ = {
			isa = XCBuildConfiguration;
			buildSettings = {
				ASSETCATALOG_COMPILER_APPICON_NAME = AppIcon;
				ASSETCATALOG_COMPILER_GLOBAL_ACCENT_COLOR_NAME = AccentColor;
				CODE_SIGN_IDENTITY = "Apple Development";
				CODE_SIGN_STYLE = Automatic;
				CURRENT_PROJECT_VERSION = 1;
				DEVELOPMENT_ASSET_PATHS = "\"TestProject/Preview Content\"";
				DEVELOPMENT_TEAM = "";
				ENABLE_PREVIEWS = YES;
				GENERATE_INFOPLIST_FILE = YES;
				INFOPLIST_KEY_LSApplicationCategoryType = "";
				INFOPLIST_KEY_NSCameraUsageDescription = "We need access to your camera for image capture.";
				INFOPLIST_KEY_NSPhotoLibraryUsageDescription = "We need access to your photo library for image selection.";
				INFOPLIST_KEY_UIApplicationSceneManifest_Generation = YES;
				INFOPLIST_KEY_UIApplicationSupportsIndirectInputEvents = YES;
				INFOPLIST_KEY_UILaunchScreen_Generation = YES;
				INFOPLIST_KEY_UISupportedInterfaceOrientations_iPad = "UIInterfaceOrientationPortrait UIInterfaceOrientationPortraitUpsideDown UIInterfaceOrientationLandscapeLeft UIInterfaceOrientationLandscapeRight";
				INFOPLIST_KEY_UISupportedInterfaceOrientations_iPhone = "UIInterfaceOrientationPortrait UIInterfaceOrientationLandscapeLeft UIInterfaceOrientationLandscapeRight";
				IPHONEOS_DEPLOYMENT_TARGET = 15.0;
				LD_RUNPATH_SEARCH_PATHS = (
					"$(inherited)",
					"@executable_path/Frameworks",
				);
				MARKETING_VERSION = 1.0;
				PRODUCT_BUNDLE_IDENTIFIER = perfectddigital.com.TestProject;
				PRODUCT_NAME = "$(TARGET_NAME)";
				PROVISIONING_PROFILE_SPECIFIER = "";
				SWIFT_EMIT_LOC_STRINGS = YES;
				SWIFT_VERSION = 5.0;
				TARGETED_DEVICE_FAMILY = "1,2";
			};
			name = Debug;
		};
		897221A32B56A80700079531 /* Release */ = {
			isa = XCBuildConfiguration;
			buildSettings = {
				ASSETCATALOG_COMPILER_APPICON_NAME = AppIcon;
				ASSETCATALOG_COMPILER_GLOBAL_ACCENT_COLOR_NAME = AccentColor;
				CODE_SIGN_IDENTITY = "Apple Development";
				CODE_SIGN_STYLE = Automatic;
				CURRENT_PROJECT_VERSION = 1;
				DEVELOPMENT_ASSET_PATHS = "\"TestProject/Preview Content\"";
				DEVELOPMENT_TEAM = "";
				ENABLE_PREVIEWS = YES;
				GENERATE_INFOPLIST_FILE = YES;
				INFOPLIST_KEY_LSApplicationCategoryType = "";
				INFOPLIST_KEY_NSCameraUsageDescription = "We need access to your camera for image capture.";
				INFOPLIST_KEY_NSPhotoLibraryUsageDescription = "We need access to your photo library for image selection.";
				INFOPLIST_KEY_UIApplicationSceneManifest_Generation = YES;
				INFOPLIST_KEY_UIApplicationSupportsIndirectInputEvents = YES;
				INFOPLIST_KEY_UILaunchScreen_Generation = YES;
				INFOPLIST_KEY_UISupportedInterfaceOrientations_iPad = "UIInterfaceOrientationPortrait UIInterfaceOrientationPortraitUpsideDown UIInterfaceOrientationLandscapeLeft UIInterfaceOrientationLandscapeRight";
				INFOPLIST_KEY_UISupportedInterfaceOrientations_iPhone = "UIInterfaceOrientationPortrait UIInterfaceOrientationLandscapeLeft UIInterfaceOrientationLandscapeRight";
				IPHONEOS_DEPLOYMENT_TARGET = 15.0;
				LD_RUNPATH_SEARCH_PATHS = (
					"$(inherited)",
					"@executable_path/Frameworks",
				);
				MARKETING_VERSION = 1.0;
				PRODUCT_BUNDLE_IDENTIFIER = perfectddigital.com.TestProject;
				PRODUCT_NAME = "$(TARGET_NAME)";
				PROVISIONING_PROFILE_SPECIFIER = "";
				SWIFT_EMIT_LOC_STRINGS = YES;
				SWIFT_VERSION = 5.0;
				TARGETED_DEVICE_FAMILY = "1,2";
			};
			name = Release;
		};
/* End XCBuildConfiguration section */

/* Begin XCConfigurationList section */
		8972218E2B56A80600079531 /* Build configuration list for PBXProject "TestProject" */ = {
			isa = XCConfigurationList;
			buildConfigurations = (
				8972219F2B56A80700079531 /* Debug */,
				897221A02B56A80700079531 /* Release */,
			);
			defaultConfigurationIsVisible = 0;
			defaultConfigurationName = Release;
		};
		897221A12B56A80700079531 /* Build configuration list for PBXNativeTarget "TestProject" */ = {
			isa = XCConfigurationList;
			buildConfigurations = (
				897221A22B56A80700079531 /* Debug */,
				897221A32B56A80700079531 /* Release */,
			);
			defaultConfigurationIsVisible = 0;
			defaultConfigurationName = Release;
		};
/* End XCConfigurationList section */

/* Begin XCRemoteSwiftPackageReference section */
		897221A42B56AA1500079531 /* XCRemoteSwiftPackageReference "Kingfisher" */ = {
			isa = XCRemoteSwiftPackageReference;
			repositoryURL = "https://github.com/onevcat/Kingfisher";
			requirement = {
				kind = upToNextMajorVersion;
				minimumVersion = 7.10.2;
			};
		};
		897221AD2B56B07600079531 /* XCRemoteSwiftPackageReference "Alamofire" */ = {
			isa = XCRemoteSwiftPackageReference;
			repositoryURL = "https://github.com/Alamofire/Alamofire";
			requirement = {
				kind = upToNextMajorVersion;
				minimumVersion = 5.8.1;
			};
		};
/* End XCRemoteSwiftPackageReference section */

/* Begin XCSwiftPackageProductDependency section */
		897221A52B56AA1500079531 /* Kingfisher */ = {
			isa = XCSwiftPackageProductDependency;
			package = 897221A42B56AA1500079531 /* XCRemoteSwiftPackageReference "Kingfisher" */;
			productName = Kingfisher;
		};
		897221AE2B56B07600079531 /* Alamofire */ = {
			isa = XCSwiftPackageProductDependency;
			package = 897221AD2B56B07600079531 /* XCRemoteSwiftPackageReference "Alamofire" */;
			productName = Alamofire;
		};
/* End XCSwiftPackageProductDependency section */
	};
	rootObject = 8972218B2B56A80600079531 /* Project object */;
}
